
Microsoft Visual Studio Solution File, Format Version 12.00
# Visual Studio Version 17
VisualStudioVersion = 17.5.002.0
MinimumVisualStudioVersion = 10.0.40219.1
Project("{9A19103F-16F7-4668-BE54-9A1E7A4F7556}") = "RazborGB", "RazborGB.csproj", "{DCFF7E34-905C-475A-8433-EAA8DE02841A}"
EndProject
Global
	GlobalSection(SolutionConfigurationPlatforms) = preSolution
		Debug|Any CPU = Debug|Any CPU
		Release|Any CPU = Release|Any CPU
	EndGlobalSection
	GlobalSection(ProjectConfigurationPlatforms) = postSolution
		{DCFF7E34-905C-475A-8433-EAA8DE02841A}.Debug|Any CPU.ActiveCfg = Debug|Any CPU
		{DCFF7E34-905C-475A-8433-EAA8DE02841A}.Debug|Any CPU.Build.0 = Debug|Any CPU
		{DCFF7E34-905C-475A-8433-EAA8DE02841A}.Release|Any CPU.ActiveCfg = Release|Any CPU
		{DCFF7E34-905C-475A-8433-EAA8DE02841A}.Release|Any CPU.Build.0 = Release|Any CPU
	EndGlobalSection
	GlobalSection(SolutionProperties) = preSolution
		HideSolutionNode = FALSE
	EndGlobalSection
	GlobalSection(ExtensibilityGlobals) = postSolution
		SolutionGuid = {9C707DB8-026C-4321-B6D9-CA3FBC742C1F}
	EndGlobalSection
EndGlobal
